
Microsoft Visual Studio Solution File, Format Version 12.00
# Visual Studio 14
VisualStudioVersion = 14.0.25420.1
MinimumVisualStudioVersion = 10.0.40219.1
Project("{888888A0-9F3D-457C-B088-3A5042F75D52}") = "Battleport", "Battleport\Battleport.pyproj", "{6BC8B2DB-C2FD-426F-9D52-F278E94CDAA7}"
EndProject
Project("{888888A0-9F3D-457C-B088-3A5042F75D52}") = "Speelveld Battleport", "Speelveld Battleport\Speelveld Battleport.pyproj", "{C625732F-11C6-4353-9818-FB7DB7643DBD}"
EndProject
Global
	GlobalSection(SolutionConfigurationPlatforms) = preSolution
		Debug|Any CPU = Debug|Any CPU
		Release|Any CPU = Release|Any CPU
	EndGlobalSection
	GlobalSection(ProjectConfigurationPlatforms) = postSolution
		{6BC8B2DB-C2FD-426F-9D52-F278E94CDAA7}.Debug|Any CPU.ActiveCfg = Debug|Any CPU
		{6BC8B2DB-C2FD-426F-9D52-F278E94CDAA7}.Release|Any CPU.ActiveCfg = Release|Any CPU
		{C625732F-11C6-4353-9818-FB7DB7643DBD}.Debug|Any CPU.ActiveCfg = Debug|Any CPU
		{C625732F-11C6-4353-9818-FB7DB7643DBD}.Release|Any CPU.ActiveCfg = Release|Any CPU
	EndGlobalSection
	GlobalSection(SolutionProperties) = preSolution
		HideSolutionNode = FALSE
	EndGlobalSection
EndGlobal
